
Microsoft Visual Studio Solution File, Format Version 12.00
# Visual Studio Version 17
VisualStudioVersion = 17.1.32328.378
MinimumVisualStudioVersion = 10.0.40219.1
Project("{9A19103F-16F7-4668-BE54-9A1E7A4F7556}") = "ontology", "ontology\ontology.csproj", "{1D211911-BBF0-45B9-993F-7CE8E43A6142}"
EndProject
Project("{9A19103F-16F7-4668-BE54-9A1E7A4F7556}") = "OntologyAPI", "..\api\OntologyAPI\OntologyAPI.csproj", "{44F8F9CC-23BC-40B8-BB54-D8835E213F10}"
EndProject
Project("{FAE04EC0-301F-11D3-BF4B-00C04F79EFBC}") = "VAST.Annotation.Proxy", "VAST.Annotation.Proxy\VAST.Annotation.Proxy.csproj", "{AAE65EA5-72DF-451E-A8DF-D13505C5DFE3}"
EndProject
Project("{FAE04EC0-301F-11D3-BF4B-00C04F79EFBC}") = "VAST.Annotation.ProxyTest", "VAST.Annotation.ProxyTest\VAST.Annotation.ProxyTest.csproj", "{B40496FE-B947-4AA2-89FE-F81BD3FE709A}"
EndProject
Project("{FAE04EC0-301F-11D3-BF4B-00C04F79EFBC}") = "VAST.Ontology.Database", "VAST.Ontology.Database\VAST.Ontology.Database.csproj", "{33C024F4-6AC4-43CA-B276-8DB2010A6397}"
EndProject
Global
	GlobalSection(SolutionConfigurationPlatforms) = preSolution
		Debug|Any CPU = Debug|Any CPU
		Release|Any CPU = Release|Any CPU
	EndGlobalSection
	GlobalSection(ProjectConfigurationPlatforms) = postSolution
		{1D211911-BBF0-45B9-993F-7CE8E43A6142}.Debug|Any CPU.ActiveCfg = Debug|Any CPU
		{1D211911-BBF0-45B9-993F-7CE8E43A6142}.Debug|Any CPU.Build.0 = Debug|Any CPU
		{1D211911-BBF0-45B9-993F-7CE8E43A6142}.Release|Any CPU.ActiveCfg = Release|Any CPU
		{1D211911-BBF0-45B9-993F-7CE8E43A6142}.Release|Any CPU.Build.0 = Release|Any CPU
		{44F8F9CC-23BC-40B8-BB54-D8835E213F10}.Debug|Any CPU.ActiveCfg = Debug|Any CPU
		{44F8F9CC-23BC-40B8-BB54-D8835E213F10}.Debug|Any CPU.Build.0 = Debug|Any CPU
		{44F8F9CC-23BC-40B8-BB54-D8835E213F10}.Release|Any CPU.ActiveCfg = Release|Any CPU
		{44F8F9CC-23BC-40B8-BB54-D8835E213F10}.Release|Any CPU.Build.0 = Release|Any CPU
		{AAE65EA5-72DF-451E-A8DF-D13505C5DFE3}.Debug|Any CPU.ActiveCfg = Debug|Any CPU
		{AAE65EA5-72DF-451E-A8DF-D13505C5DFE3}.Debug|Any CPU.Build.0 = Debug|Any CPU
		{AAE65EA5-72DF-451E-A8DF-D13505C5DFE3}.Release|Any CPU.ActiveCfg = Release|Any CPU
		{AAE65EA5-72DF-451E-A8DF-D13505C5DFE3}.Release|Any CPU.Build.0 = Release|Any CPU
		{B40496FE-B947-4AA2-89FE-F81BD3FE709A}.Debug|Any CPU.ActiveCfg = Debug|Any CPU
		{B40496FE-B947-4AA2-89FE-F81BD3FE709A}.Debug|Any CPU.Build.0 = Debug|Any CPU
		{B40496FE-B947-4AA2-89FE-F81BD3FE709A}.Release|Any CPU.ActiveCfg = Release|Any CPU
		{B40496FE-B947-4AA2-89FE-F81BD3FE709A}.Release|Any CPU.Build.0 = Release|Any CPU
		{33C024F4-6AC4-43CA-B276-8DB2010A6397}.Debug|Any CPU.ActiveCfg = Debug|Any CPU
		{33C024F4-6AC4-43CA-B276-8DB2010A6397}.Debug|Any CPU.Build.0 = Debug|Any CPU
		{33C024F4-6AC4-43CA-B276-8DB2010A6397}.Release|Any CPU.ActiveCfg = Release|Any CPU
		{33C024F4-6AC4-43CA-B276-8DB2010A6397}.Release|Any CPU.Build.0 = Release|Any CPU
	EndGlobalSection
	GlobalSection(SolutionProperties) = preSolution
		HideSolutionNode = FALSE
	EndGlobalSection
	GlobalSection(ExtensibilityGlobals) = postSolution
		SolutionGuid = {1B23F1D8-0A08-4B34-8FB0-79ABA20A7016}
	EndGlobalSection
EndGlobal
